
Microsoft Visual Studio Solution File, Format Version 12.00
# Visual Studio 15
VisualStudioVersion = 15.0.27130.2003
MinimumVisualStudioVersion = 10.0.40219.1
Project("{FAE04EC0-301F-11D3-BF4B-00C04F79EFBC}") = "AirbnbGuestList", "AirbnbGuestList\AirbnbGuestList.csproj", "{C632CF6A-2C96-4516-8419-C70F11354C3D}"
EndProject
Global
	GlobalSection(SolutionConfigurationPlatforms) = preSolution
		Debug|Any CPU = Debug|Any CPU
		Release|Any CPU = Release|Any CPU
	EndGlobalSection
	GlobalSection(ProjectConfigurationPlatforms) = postSolution
		{C632CF6A-2C96-4516-8419-C70F11354C3D}.Debug|Any CPU.ActiveCfg = Debug|Any CPU
		{C632CF6A-2C96-4516-8419-C70F11354C3D}.Debug|Any CPU.Build.0 = Debug|Any CPU
		{C632CF6A-2C96-4516-8419-C70F11354C3D}.Release|Any CPU.ActiveCfg = Release|Any CPU
		{C632CF6A-2C96-4516-8419-C70F11354C3D}.Release|Any CPU.Build.0 = Release|Any CPU
	EndGlobalSection
	GlobalSection(SolutionProperties) = preSolution
		HideSolutionNode = FALSE
	EndGlobalSection
	GlobalSection(ExtensibilityGlobals) = postSolution
		SolutionGuid = {D7714F73-739A-41EB-B293-196FFBDBFA04}
	EndGlobalSection
EndGlobal
